
Microsoft Visual Studio Solution File, Format Version 12.00
# Visual Studio Version 16
VisualStudioVersion = 16.0.32228.343
MinimumVisualStudioVersion = 10.0.40219.1
Project("{FAE04EC0-301F-11D3-BF4B-00C04F79EFBC}") = "Ex04.Menus.Interfaces", "Ex04.Menus.Interfaces\Ex04.Menus.Interfaces.csproj", "{E483E63F-8C33-44DF-8399-C6C37DA0DAF4}"
EndProject
Project("{FAE04EC0-301F-11D3-BF4B-00C04F79EFBC}") = "Ex04.Menus.Test", "Ex04.Menus.Test\Ex04.Menus.Test.csproj", "{347E430B-2926-4B14-97DE-4D2B22EBA3F0}"
EndProject
Project("{FAE04EC0-301F-11D3-BF4B-00C04F79EFBC}") = "Ex04.Menus.Delegates", "Ex04.Menus.Delegates\Ex04.Menus.Delegates.csproj", "{514EECC9-FA16-491D-BF0F-7E08382A382F}"
EndProject
Global
	GlobalSection(SolutionConfigurationPlatforms) = preSolution
		Debug|Any CPU = Debug|Any CPU
		Release|Any CPU = Release|Any CPU
	EndGlobalSection
	GlobalSection(ProjectConfigurationPlatforms) = postSolution
		{E483E63F-8C33-44DF-8399-C6C37DA0DAF4}.Debug|Any CPU.ActiveCfg = Debug|Any CPU
		{E483E63F-8C33-44DF-8399-C6C37DA0DAF4}.Debug|Any CPU.Build.0 = Debug|Any CPU
		{E483E63F-8C33-44DF-8399-C6C37DA0DAF4}.Release|Any CPU.ActiveCfg = Release|Any CPU
		{E483E63F-8C33-44DF-8399-C6C37DA0DAF4}.Release|Any CPU.Build.0 = Release|Any CPU
		{347E430B-2926-4B14-97DE-4D2B22EBA3F0}.Debug|Any CPU.ActiveCfg = Debug|Any CPU
		{347E430B-2926-4B14-97DE-4D2B22EBA3F0}.Debug|Any CPU.Build.0 = Debug|Any CPU
		{347E430B-2926-4B14-97DE-4D2B22EBA3F0}.Release|Any CPU.ActiveCfg = Release|Any CPU
		{347E430B-2926-4B14-97DE-4D2B22EBA3F0}.Release|Any CPU.Build.0 = Release|Any CPU
		{514EECC9-FA16-491D-BF0F-7E08382A382F}.Debug|Any CPU.ActiveCfg = Debug|Any CPU
		{514EECC9-FA16-491D-BF0F-7E08382A382F}.Debug|Any CPU.Build.0 = Debug|Any CPU
		{514EECC9-FA16-491D-BF0F-7E08382A382F}.Release|Any CPU.ActiveCfg = Release|Any CPU
		{514EECC9-FA16-491D-BF0F-7E08382A382F}.Release|Any CPU.Build.0 = Release|Any CPU
	EndGlobalSection
	GlobalSection(SolutionProperties) = preSolution
		HideSolutionNode = FALSE
	EndGlobalSection
	GlobalSection(ExtensibilityGlobals) = postSolution
		SolutionGuid = {9A72EF22-B233-4BC9-8BF0-A25F480D4EF8}
	EndGlobalSection
EndGlobal
